
Microsoft Visual Studio Solution File, Format Version 12.00
# Visual Studio Version 17
VisualStudioVersion = 17.2.32602.215
MinimumVisualStudioVersion = 10.0.40219.1
Project("{9A19103F-16F7-4668-BE54-9A1E7A4F7556}") = "BeautySalon", "src\BeautySalon.csproj", "{7D25FB78-A2A7-4A2E-8804-7DFC8ECD4139}"
EndProject
Global
	GlobalSection(SolutionConfigurationPlatforms) = preSolution
		Debug|Any CPU = Debug|Any CPU
		Release|Any CPU = Release|Any CPU
	EndGlobalSection
	GlobalSection(ProjectConfigurationPlatforms) = postSolution
		{7D25FB78-A2A7-4A2E-8804-7DFC8ECD4139}.Debug|Any CPU.ActiveCfg = Debug|Any CPU
		{7D25FB78-A2A7-4A2E-8804-7DFC8ECD4139}.Debug|Any CPU.Build.0 = Debug|Any CPU
		{7D25FB78-A2A7-4A2E-8804-7DFC8ECD4139}.Release|Any CPU.ActiveCfg = Release|Any CPU
		{7D25FB78-A2A7-4A2E-8804-7DFC8ECD4139}.Release|Any CPU.Build.0 = Release|Any CPU
	EndGlobalSection
	GlobalSection(SolutionProperties) = preSolution
		HideSolutionNode = FALSE
	EndGlobalSection
	GlobalSection(ExtensibilityGlobals) = postSolution
		SolutionGuid = {36F3CCDB-4069-4428-9052-1E9DB06F107F}
	EndGlobalSection
EndGlobal
